
Microsoft Visual Studio Solution File, Format Version 12.00
# Visual Studio Version 16
VisualStudioVersion = 16.0.30413.136
MinimumVisualStudioVersion = 10.0.40219.1
Project("{FAE04EC0-301F-11D3-BF4B-00C04F79EFBC}") = "ConsoleApp3", "ConsoleApp3\ConsoleApp3.csproj", "{AC1DE8BC-CCBA-490A-BCC2-142B7DAAC8D0}"
EndProject
Global
	GlobalSection(SolutionConfigurationPlatforms) = preSolution
		Debug|Any CPU = Debug|Any CPU
		Release|Any CPU = Release|Any CPU
	EndGlobalSection
	GlobalSection(ProjectConfigurationPlatforms) = postSolution
		{AC1DE8BC-CCBA-490A-BCC2-142B7DAAC8D0}.Debug|Any CPU.ActiveCfg = Debug|Any CPU
		{AC1DE8BC-CCBA-490A-BCC2-142B7DAAC8D0}.Debug|Any CPU.Build.0 = Debug|Any CPU
		{AC1DE8BC-CCBA-490A-BCC2-142B7DAAC8D0}.Release|Any CPU.ActiveCfg = Release|Any CPU
		{AC1DE8BC-CCBA-490A-BCC2-142B7DAAC8D0}.Release|Any CPU.Build.0 = Release|Any CPU
	EndGlobalSection
	GlobalSection(SolutionProperties) = preSolution
		HideSolutionNode = FALSE
	EndGlobalSection
	GlobalSection(ExtensibilityGlobals) = postSolution
		SolutionGuid = {3C6181F3-BA86-4660-8B2E-A8F62CF8B270}
	EndGlobalSection
EndGlobal
